<?xml version="1.0" encoding="utf-8"?>
<Project ToolsVersion="4.0" xmlns="http://schemas.microsoft.com/developer/msbuild/2003">
  <ItemGroup>
    <Filter Include="Archivos de código fuente">
      <UniqueIdentifier>{4FC737F1-C7A5-4376-A066-2A32D752A2FF}</UniqueIdentifier>
      <Extensions>cpp;c;cc;cxx;def;odl;idl;hpj;bat;asm;asmx</Extensions>
    </Filter>
    <Filter Include="Archivos de encabezado">
      <UniqueIdentifier>{93995380-89BD-4b04-88EB-625FBE52EBFB}</UniqueIdentifier>
      <Extensions>h;hh;hpp;hxx;hm;inl;inc;xsd</Extensions>
    </Filter>
    <Filter Include="Archivos de recursos">
      <UniqueIdentifier>{67DA6AB6-F800-4c08-8B7A-83BB121AAD01}</UniqueIdentifier>
      <Extensions>rc;ico;cur;bmp;dlg;rc2;rct;bin;rgs;gif;jpg;jpeg;jpe;resx;tiff;tif;png;wav;mfcribbon-ms</Extensions>
    </Filter>
    <Filter Include="Archivos de encabezado\Shaders">
      <UniqueIdentifier>{de13c981-1b7a-4ab1-94aa-cdc45892dad3}</UniqueIdentifier>
    </Filter>
    <Filter Include="Archivos de encabezado\DirectX">
      <UniqueIdentifier>{1f492517-69cd-4d4a-8260-407e1dd822f4}</UniqueIdentifier>
    </Filter>
    <Filter Include="Archivos de código fuente\DirectX">
      <UniqueIdentifier>{14a5d98f-d25f-4ea8-b0f1-d780ee444d11}</UniqueIdentifier>
    </Filter>
    <Filter Include="Archivos de código fuente\Resources">
      <UniqueIdentifier>{df816e58-a8f6-4654-bebc-111f9dfa3b55}</UniqueIdentifier>
    </Filter>
    <Filter Include="Archivos de encabezado\Resources">
      <UniqueIdentifier>{ac8e01df-a22b-49de-8446-1cb0ba20a309}</UniqueIdentifier>
    </Filter>
    <Filter Include="Archivos de encabezado\Scene">
      <UniqueIdentifier>{4ecf193d-cc9f-442c-b614-ed81b29e244a}</UniqueIdentifier>
    </Filter>
    <Filter Include="Archivos de código fuente\Scene">
      <UniqueIdentifier>{3ef9aab6-9bbd-4517-82b2-d78287660f9d}</UniqueIdentifier>
    </Filter>
    <Filter Include="Archivos de código fuente\Imgui">
      <UniqueIdentifier>{e989e774-1dfc-4782-b75a-e6f1b3509273}</UniqueIdentifier>
    </Filter>
  </ItemGroup>
  <ItemGroup>
    <ClCompile Include="ErrorHandling.cpp">
      <Filter>Archivos de código fuente</Filter>
    </ClCompile>
    <ClCompile Include="App.cpp">
      <Filter>Archivos de código fuente</Filter>
    </ClCompile>
    <ClCompile Include="KeyBoard.cpp">
      <Filter>Archivos de código fuente</Filter>
    </ClCompile>
    <ClCompile Include="Mouse.cpp">
      <Filter>Archivos de código fuente</Filter>
    </ClCompile>
    <ClCompile Include="Render.cpp">
      <Filter>Archivos de código fuente</Filter>
    </ClCompile>
    <ClCompile Include="Window.cpp">
      <Filter>Archivos de código fuente</Filter>
    </ClCompile>
    <ClCompile Include="WinMain.cpp">
      <Filter>Archivos de código fuente</Filter>
    </ClCompile>
    <ClCompile Include="Bindable.cpp">
      <Filter>Archivos de código fuente\DirectX</Filter>
    </ClCompile>
    <ClCompile Include="IndexBuffer.cpp">
      <Filter>Archivos de código fuente\DirectX</Filter>
    </ClCompile>
    <ClCompile Include="VertexBuffer.cpp">
      <Filter>Archivos de código fuente\DirectX</Filter>
    </ClCompile>
    <ClCompile Include="InputLayout.cpp">
      <Filter>Archivos de código fuente\DirectX</Filter>
    </ClCompile>
    <ClCompile Include="Camera.cpp">
      <Filter>Archivos de código fuente</Filter>
    </ClCompile>
    <ClCompile Include="Scene.cpp">
      <Filter>Archivos de código fuente\Scene</Filter>
    </ClCompile>
    <ClCompile Include="Entity.cpp">
      <Filter>Archivos de código fuente\Scene</Filter>
    </ClCompile>
    <ClCompile Include="ResourceManager.cpp">
      <Filter>Archivos de código fuente</Filter>
    </ClCompile>
    <ClCompile Include="Mesh.cpp">
      <Filter>Archivos de código fuente\Resources</Filter>
    </ClCompile>
    <ClCompile Include="ImGui\imgui_demo.cpp">
      <Filter>Archivos de código fuente\Imgui</Filter>
    </ClCompile>
    <ClCompile Include="ImGui\imgui_draw.cpp">
      <Filter>Archivos de código fuente\Imgui</Filter>
    </ClCompile>
    <ClCompile Include="ImGui\imgui_impl_dx11.cpp">
      <Filter>Archivos de código fuente\Imgui</Filter>
    </ClCompile>
    <ClCompile Include="ImGui\imgui_impl_win32.cpp">
      <Filter>Archivos de código fuente\Imgui</Filter>
    </ClCompile>
    <ClCompile Include="ImGui\imgui_widgets.cpp">
      <Filter>Archivos de código fuente\Imgui</Filter>
    </ClCompile>
    <ClCompile Include="ImGui\imgui.cpp">
      <Filter>Archivos de código fuente\Imgui</Filter>
    </ClCompile>
  </ItemGroup>
  <ItemGroup>
    <ClInclude Include="Window.h">
      <Filter>Archivos de encabezado</Filter>
    </ClInclude>
    <ClInclude Include="ErrorHandling.h">
      <Filter>Archivos de encabezado</Filter>
    </ClInclude>
    <ClInclude Include="KeyBoard.h">
      <Filter>Archivos de encabezado</Filter>
    </ClInclude>
    <ClInclude Include="Mouse.h">
      <Filter>Archivos de encabezado</Filter>
    </ClInclude>
    <ClInclude Include="App.h">
      <Filter>Archivos de encabezado</Filter>
    </ClInclude>
    <ClInclude Include="Timer.h">
      <Filter>Archivos de encabezado</Filter>
    </ClInclude>
    <ClInclude Include="Fast.h">
      <Filter>Archivos de encabezado</Filter>
    </ClInclude>
    <ClInclude Include="Render.h">
      <Filter>Archivos de encabezado</Filter>
    </ClInclude>
    <ClInclude Include="Bindable.h">
      <Filter>Archivos de encabezado\DirectX</Filter>
    </ClInclude>
    <ClInclude Include="ConstBuffers.h">
      <Filter>Archivos de encabezado\DirectX</Filter>
    </ClInclude>
    <ClInclude Include="IndexBuffer.h">
      <Filter>Archivos de encabezado\DirectX</Filter>
    </ClInclude>
    <ClInclude Include="VertexBuffer.h">
      <Filter>Archivos de encabezado\DirectX</Filter>
    </ClInclude>
    <ClInclude Include="InputLayout.h">
      <Filter>Archivos de encabezado\DirectX</Filter>
    </ClInclude>
    <ClInclude Include="Topology.h">
      <Filter>Archivos de encabezado\DirectX</Filter>
    </ClInclude>
    <ClInclude Include="ShaderProgram.h">
      <Filter>Archivos de encabezado\DirectX</Filter>
    </ClInclude>
    <ClInclude Include="Camera.h">
      <Filter>Archivos de encabezado</Filter>
    </ClInclude>
    <ClInclude Include="Scene.h">
      <Filter>Archivos de encabezado\Scene</Filter>
    </ClInclude>
    <ClInclude Include="Entity.h">
      <Filter>Archivos de encabezado\Scene</Filter>
    </ClInclude>
    <ClInclude Include="ResourceManager.h">
      <Filter>Archivos de encabezado</Filter>
    </ClInclude>
    <ClInclude Include="Mesh.h">
      <Filter>Archivos de encabezado\Resources</Filter>
    </ClInclude>
    <ClInclude Include="Resource.h">
      <Filter>Archivos de encabezado\Resources</Filter>
    </ClInclude>
  </ItemGroup>
  <ItemGroup>
    <FxCompile Include="VertexShader.hlsl">
      <Filter>Archivos de encabezado\Shaders</Filter>
    </FxCompile>
    <FxCompile Include="PixelShader.hlsl">
      <Filter>Archivos de encabezado\Shaders</Filter>
    </FxCompile>
  </ItemGroup>
</Project>